
Microsoft Visual Studio Solution File, Format Version 12.00
# Visual Studio Version 17
VisualStudioVersion = 17.14.36518.9 d17.14
MinimumVisualStudioVersion = 10.0.40219.1
Project("{FAE04EC0-301F-11D3-BF4B-00C04F79EFBC}") = "TodoListApp", "TodoListApp\TodoListApp.csproj", "{1997CA7E-C140-4422-A494-1226300A6E55}"
EndProject
Global
	GlobalSection(SolutionConfigurationPlatforms) = preSolution
		Debug|Any CPU = Debug|Any CPU
		Release|Any CPU = Release|Any CPU
	EndGlobalSection
	GlobalSection(ProjectConfigurationPlatforms) = postSolution
		{1997CA7E-C140-4422-A494-1226300A6E55}.Debug|Any CPU.ActiveCfg = Debug|Any CPU
		{1997CA7E-C140-4422-A494-1226300A6E55}.Debug|Any CPU.Build.0 = Debug|Any CPU
		{1997CA7E-C140-4422-A494-1226300A6E55}.Release|Any CPU.ActiveCfg = Release|Any CPU
		{1997CA7E-C140-4422-A494-1226300A6E55}.Release|Any CPU.Build.0 = Release|Any CPU
	EndGlobalSection
	GlobalSection(SolutionProperties) = preSolution
		HideSolutionNode = FALSE
	EndGlobalSection
	GlobalSection(ExtensibilityGlobals) = postSolution
		SolutionGuid = {798D3800-4FB2-4D60-9906-AC5D21A84761}
	EndGlobalSection
EndGlobal
